
Microsoft Visual Studio Solution File, Format Version 12.00
# Visual Studio Version 17
VisualStudioVersion = 17.13.35931.197
MinimumVisualStudioVersion = 10.0.40219.1
Project("{FAE04EC0-301F-11D3-BF4B-00C04F79EFBC}") = "Core", "src\Core\Core.csproj", "{10D83D0A-3652-4CF8-8C04-81705F353C73}"
EndProject
Project("{2150E333-8FDC-42A3-9474-1A3956D46DE8}") = "src", "src", "{02EA681E-C7D8-13C7-8484-4AC65E1B71E8}"
EndProject
Project("{2150E333-8FDC-42A3-9474-1A3956D46DE8}") = "sample", "sample", "{50428BF0-8ECA-4CC0-B3B8-5EF33CA794AC}"
EndProject
Project("{FAE04EC0-301F-11D3-BF4B-00C04F79EFBC}") = "Shard", "src\Shard\Shard.csproj", "{62599106-A108-4896-A442-50F67AAD57A5}"
EndProject
Project("{2150E333-8FDC-42A3-9474-1A3956D46DE8}") = "Infrastructure", "Infrastructure", "{1D2D897C-DB03-4193-A245-343FE817210A}"
EndProject
Project("{FAE04EC0-301F-11D3-BF4B-00C04F79EFBC}") = "Domain", "src\Infrastructure\Domain\Domain.csproj", "{F2B3412B-CBF2-41FE-8FF2-75258023032D}"
EndProject
Project("{2150E333-8FDC-42A3-9474-1A3956D46DE8}") = "ORM", "ORM", "{6B64B42D-CDE8-4A21-9C7A-8DAC366BE816}"
EndProject
Project("{FAE04EC0-301F-11D3-BF4B-00C04F79EFBC}") = "EfCore", "src\Infrastructure\ORM\EfCore\EfCore.csproj", "{3744F889-7244-47FD-9084-1417F3852230}"
EndProject
Project("{FAE04EC0-301F-11D3-BF4B-00C04F79EFBC}") = "MongoDb", "src\Infrastructure\ORM\MongoDb\MongoDb.csproj", "{45EF9DCE-16A4-44DA-A7EB-94A30CB80036}"
EndProject
Project("{FAE04EC0-301F-11D3-BF4B-00C04F79EFBC}") = "Host", "src\Host\Host.csproj", "{674EE53C-0601-485C-BBB8-706363E9B395}"
EndProject
Project("{FAE04EC0-301F-11D3-BF4B-00C04F79EFBC}") = "sample.API", "sample\sample.API\sample.API.csproj", "{978B8816-CCB9-4825-B39E-53D7E58024E8}"
EndProject
Project("{FAE04EC0-301F-11D3-BF4B-00C04F79EFBC}") = "sample.Application", "sample\sample.Application\sample.Application.csproj", "{FA725FF8-067C-4A75-9D00-45C0D2A4BD14}"
EndProject
Project("{FAE04EC0-301F-11D3-BF4B-00C04F79EFBC}") = "sample.Domain", "sample\sample.Domain\sample.Domain.csproj", "{A9460F40-34C7-4456-9643-6B20B2043354}"
EndProject
Project("{FAE04EC0-301F-11D3-BF4B-00C04F79EFBC}") = "sample.Infrastructure", "sample\sample.Infrastructure\sample.Infrastructure.csproj", "{21C7B054-7A78-4199-A735-C9B7248BB3CD}"
EndProject
Project("{2150E333-8FDC-42A3-9474-1A3956D46DE8}") = "Services", "Services", "{25187D69-D414-4DE9-9181-1225E3B087EA}"
EndProject
Project("{FAE04EC0-301F-11D3-BF4B-00C04F79EFBC}") = "Services.Caching", "src\Infrastructure\Services\Services.Caching\Services.Caching.csproj", "{DC411C91-0B79-4A62-B3AB-0EC596FAD4D4}"
EndProject
Project("{2150E333-8FDC-42A3-9474-1A3956D46DE8}") = "Solution Items", "Solution Items", "{D2E818AB-17CC-4932-BB42-A00E11198FB0}"
	ProjectSection(SolutionItems) = preProject
		.editorconfig = .editorconfig
	EndProjectSection
EndProject
Project("{FAE04EC0-301F-11D3-BF4B-00C04F79EFBC}") = "Services.External", "src\Infrastructure\Services\Services.External\Services.External.csproj", "{220086A7-7AB1-47CD-ABCF-D1987BF51E53}"
EndProject
Project("{FAE04EC0-301F-11D3-BF4B-00C04F79EFBC}") = "DotnetCap", "src\Infrastructure\Services\DotnetCap\DotnetCap.csproj", "{3C44F383-C1E0-247F-8628-8270DE78AC3E}"
EndProject
Project("{FAE04EC0-301F-11D3-BF4B-00C04F79EFBC}") = "Services.Autofac", "src\Infrastructure\Services\Services.Autofac\Services.Autofac.csproj", "{F43084D1-D606-4C4B-97ED-3753AE0E38C3}"
EndProject
Project("{FAE04EC0-301F-11D3-BF4B-00C04F79EFBC}") = "sample.Shared", "sample\sample.Shared\sample.Shared.csproj", "{4A11BC9D-2294-446E-9984-2C9AB4DF7E43}"
EndProject
Project("{FAE04EC0-301F-11D3-BF4B-00C04F79EFBC}") = "MinimalAPI", "src\Infrastructure\Services\MinimalAPI\MinimalAPI.csproj", "{D1F0EC03-4B08-423D-817B-E8731A705298}"
EndProject
Global
	GlobalSection(SolutionConfigurationPlatforms) = preSolution
		Debug|Any CPU = Debug|Any CPU
		Release|Any CPU = Release|Any CPU
	EndGlobalSection
	GlobalSection(ProjectConfigurationPlatforms) = postSolution
		{10D83D0A-3652-4CF8-8C04-81705F353C73}.Debug|Any CPU.ActiveCfg = Debug|Any CPU
		{10D83D0A-3652-4CF8-8C04-81705F353C73}.Debug|Any CPU.Build.0 = Debug|Any CPU
		{10D83D0A-3652-4CF8-8C04-81705F353C73}.Release|Any CPU.ActiveCfg = Release|Any CPU
		{10D83D0A-3652-4CF8-8C04-81705F353C73}.Release|Any CPU.Build.0 = Release|Any CPU
		{62599106-A108-4896-A442-50F67AAD57A5}.Debug|Any CPU.ActiveCfg = Debug|Any CPU
		{62599106-A108-4896-A442-50F67AAD57A5}.Debug|Any CPU.Build.0 = Debug|Any CPU
		{62599106-A108-4896-A442-50F67AAD57A5}.Release|Any CPU.ActiveCfg = Release|Any CPU
		{62599106-A108-4896-A442-50F67AAD57A5}.Release|Any CPU.Build.0 = Release|Any CPU
		{F2B3412B-CBF2-41FE-8FF2-75258023032D}.Debug|Any CPU.ActiveCfg = Debug|Any CPU
		{F2B3412B-CBF2-41FE-8FF2-75258023032D}.Debug|Any CPU.Build.0 = Debug|Any CPU
		{F2B3412B-CBF2-41FE-8FF2-75258023032D}.Release|Any CPU.ActiveCfg = Release|Any CPU
		{F2B3412B-CBF2-41FE-8FF2-75258023032D}.Release|Any CPU.Build.0 = Release|Any CPU
		{3744F889-7244-47FD-9084-1417F3852230}.Debug|Any CPU.ActiveCfg = Debug|Any CPU
		{3744F889-7244-47FD-9084-1417F3852230}.Debug|Any CPU.Build.0 = Debug|Any CPU
		{3744F889-7244-47FD-9084-1417F3852230}.Release|Any CPU.ActiveCfg = Release|Any CPU
		{3744F889-7244-47FD-9084-1417F3852230}.Release|Any CPU.Build.0 = Release|Any CPU
		{45EF9DCE-16A4-44DA-A7EB-94A30CB80036}.Debug|Any CPU.ActiveCfg = Debug|Any CPU
		{45EF9DCE-16A4-44DA-A7EB-94A30CB80036}.Debug|Any CPU.Build.0 = Debug|Any CPU
		{45EF9DCE-16A4-44DA-A7EB-94A30CB80036}.Release|Any CPU.ActiveCfg = Release|Any CPU
		{45EF9DCE-16A4-44DA-A7EB-94A30CB80036}.Release|Any CPU.Build.0 = Release|Any CPU
		{674EE53C-0601-485C-BBB8-706363E9B395}.Debug|Any CPU.ActiveCfg = Debug|Any CPU
		{674EE53C-0601-485C-BBB8-706363E9B395}.Debug|Any CPU.Build.0 = Debug|Any CPU
		{674EE53C-0601-485C-BBB8-706363E9B395}.Release|Any CPU.ActiveCfg = Release|Any CPU
		{674EE53C-0601-485C-BBB8-706363E9B395}.Release|Any CPU.Build.0 = Release|Any CPU
		{978B8816-CCB9-4825-B39E-53D7E58024E8}.Debug|Any CPU.ActiveCfg = Debug|Any CPU
		{978B8816-CCB9-4825-B39E-53D7E58024E8}.Debug|Any CPU.Build.0 = Debug|Any CPU
		{978B8816-CCB9-4825-B39E-53D7E58024E8}.Release|Any CPU.ActiveCfg = Release|Any CPU
		{978B8816-CCB9-4825-B39E-53D7E58024E8}.Release|Any CPU.Build.0 = Release|Any CPU
		{FA725FF8-067C-4A75-9D00-45C0D2A4BD14}.Debug|Any CPU.ActiveCfg = Debug|Any CPU
		{FA725FF8-067C-4A75-9D00-45C0D2A4BD14}.Debug|Any CPU.Build.0 = Debug|Any CPU
		{FA725FF8-067C-4A75-9D00-45C0D2A4BD14}.Release|Any CPU.ActiveCfg = Release|Any CPU
		{FA725FF8-067C-4A75-9D00-45C0D2A4BD14}.Release|Any CPU.Build.0 = Release|Any CPU
		{A9460F40-34C7-4456-9643-6B20B2043354}.Debug|Any CPU.ActiveCfg = Debug|Any CPU
		{A9460F40-34C7-4456-9643-6B20B2043354}.Debug|Any CPU.Build.0 = Debug|Any CPU
		{A9460F40-34C7-4456-9643-6B20B2043354}.Release|Any CPU.ActiveCfg = Release|Any CPU
		{A9460F40-34C7-4456-9643-6B20B2043354}.Release|Any CPU.Build.0 = Release|Any CPU
		{21C7B054-7A78-4199-A735-C9B7248BB3CD}.Debug|Any CPU.ActiveCfg = Debug|Any CPU
		{21C7B054-7A78-4199-A735-C9B7248BB3CD}.Debug|Any CPU.Build.0 = Debug|Any CPU
		{21C7B054-7A78-4199-A735-C9B7248BB3CD}.Release|Any CPU.ActiveCfg = Release|Any CPU
		{21C7B054-7A78-4199-A735-C9B7248BB3CD}.Release|Any CPU.Build.0 = Release|Any CPU
		{DC411C91-0B79-4A62-B3AB-0EC596FAD4D4}.Debug|Any CPU.ActiveCfg = Debug|Any CPU
		{DC411C91-0B79-4A62-B3AB-0EC596FAD4D4}.Debug|Any CPU.Build.0 = Debug|Any CPU
		{DC411C91-0B79-4A62-B3AB-0EC596FAD4D4}.Release|Any CPU.ActiveCfg = Release|Any CPU
		{DC411C91-0B79-4A62-B3AB-0EC596FAD4D4}.Release|Any CPU.Build.0 = Release|Any CPU
		{220086A7-7AB1-47CD-ABCF-D1987BF51E53}.Debug|Any CPU.ActiveCfg = Debug|Any CPU
		{220086A7-7AB1-47CD-ABCF-D1987BF51E53}.Debug|Any CPU.Build.0 = Debug|Any CPU
		{220086A7-7AB1-47CD-ABCF-D1987BF51E53}.Release|Any CPU.ActiveCfg = Release|Any CPU
		{220086A7-7AB1-47CD-ABCF-D1987BF51E53}.Release|Any CPU.Build.0 = Release|Any CPU
		{3C44F383-C1E0-247F-8628-8270DE78AC3E}.Debug|Any CPU.ActiveCfg = Debug|Any CPU
		{3C44F383-C1E0-247F-8628-8270DE78AC3E}.Debug|Any CPU.Build.0 = Debug|Any CPU
		{3C44F383-C1E0-247F-8628-8270DE78AC3E}.Release|Any CPU.ActiveCfg = Release|Any CPU
		{3C44F383-C1E0-247F-8628-8270DE78AC3E}.Release|Any CPU.Build.0 = Release|Any CPU
		{F43084D1-D606-4C4B-97ED-3753AE0E38C3}.Debug|Any CPU.ActiveCfg = Debug|Any CPU
		{F43084D1-D606-4C4B-97ED-3753AE0E38C3}.Debug|Any CPU.Build.0 = Debug|Any CPU
		{F43084D1-D606-4C4B-97ED-3753AE0E38C3}.Release|Any CPU.ActiveCfg = Release|Any CPU
		{F43084D1-D606-4C4B-97ED-3753AE0E38C3}.Release|Any CPU.Build.0 = Release|Any CPU
		{4A11BC9D-2294-446E-9984-2C9AB4DF7E43}.Debug|Any CPU.ActiveCfg = Debug|Any CPU
		{4A11BC9D-2294-446E-9984-2C9AB4DF7E43}.Debug|Any CPU.Build.0 = Debug|Any CPU
		{4A11BC9D-2294-446E-9984-2C9AB4DF7E43}.Release|Any CPU.ActiveCfg = Release|Any CPU
		{4A11BC9D-2294-446E-9984-2C9AB4DF7E43}.Release|Any CPU.Build.0 = Release|Any CPU
		{D1F0EC03-4B08-423D-817B-E8731A705298}.Debug|Any CPU.ActiveCfg = Debug|Any CPU
		{D1F0EC03-4B08-423D-817B-E8731A705298}.Debug|Any CPU.Build.0 = Debug|Any CPU
		{D1F0EC03-4B08-423D-817B-E8731A705298}.Release|Any CPU.ActiveCfg = Release|Any CPU
		{D1F0EC03-4B08-423D-817B-E8731A705298}.Release|Any CPU.Build.0 = Release|Any CPU
	EndGlobalSection
	GlobalSection(SolutionProperties) = preSolution
		HideSolutionNode = FALSE
	EndGlobalSection
	GlobalSection(NestedProjects) = preSolution
		{10D83D0A-3652-4CF8-8C04-81705F353C73} = {02EA681E-C7D8-13C7-8484-4AC65E1B71E8}
		{62599106-A108-4896-A442-50F67AAD57A5} = {02EA681E-C7D8-13C7-8484-4AC65E1B71E8}
		{1D2D897C-DB03-4193-A245-343FE817210A} = {02EA681E-C7D8-13C7-8484-4AC65E1B71E8}
		{F2B3412B-CBF2-41FE-8FF2-75258023032D} = {1D2D897C-DB03-4193-A245-343FE817210A}
		{6B64B42D-CDE8-4A21-9C7A-8DAC366BE816} = {1D2D897C-DB03-4193-A245-343FE817210A}
		{3744F889-7244-47FD-9084-1417F3852230} = {6B64B42D-CDE8-4A21-9C7A-8DAC366BE816}
		{45EF9DCE-16A4-44DA-A7EB-94A30CB80036} = {6B64B42D-CDE8-4A21-9C7A-8DAC366BE816}
		{674EE53C-0601-485C-BBB8-706363E9B395} = {02EA681E-C7D8-13C7-8484-4AC65E1B71E8}
		{978B8816-CCB9-4825-B39E-53D7E58024E8} = {50428BF0-8ECA-4CC0-B3B8-5EF33CA794AC}
		{FA725FF8-067C-4A75-9D00-45C0D2A4BD14} = {50428BF0-8ECA-4CC0-B3B8-5EF33CA794AC}
		{A9460F40-34C7-4456-9643-6B20B2043354} = {50428BF0-8ECA-4CC0-B3B8-5EF33CA794AC}
		{21C7B054-7A78-4199-A735-C9B7248BB3CD} = {50428BF0-8ECA-4CC0-B3B8-5EF33CA794AC}
		{25187D69-D414-4DE9-9181-1225E3B087EA} = {1D2D897C-DB03-4193-A245-343FE817210A}
		{DC411C91-0B79-4A62-B3AB-0EC596FAD4D4} = {25187D69-D414-4DE9-9181-1225E3B087EA}
		{220086A7-7AB1-47CD-ABCF-D1987BF51E53} = {25187D69-D414-4DE9-9181-1225E3B087EA}
		{3C44F383-C1E0-247F-8628-8270DE78AC3E} = {25187D69-D414-4DE9-9181-1225E3B087EA}
		{F43084D1-D606-4C4B-97ED-3753AE0E38C3} = {25187D69-D414-4DE9-9181-1225E3B087EA}
		{4A11BC9D-2294-446E-9984-2C9AB4DF7E43} = {50428BF0-8ECA-4CC0-B3B8-5EF33CA794AC}
		{D1F0EC03-4B08-423D-817B-E8731A705298} = {25187D69-D414-4DE9-9181-1225E3B087EA}
	EndGlobalSection
	GlobalSection(ExtensibilityGlobals) = postSolution
		SolutionGuid = {D7089FC7-79A1-4CAA-AC88-1A189B1D840E}
	EndGlobalSection
EndGlobal
