
Microsoft Visual Studio Solution File, Format Version 12.00
# Visual Studio Version 17
VisualStudioVersion = 17.13.35931.197
MinimumVisualStudioVersion = 10.0.40219.1
Project("{FAE04EC0-301F-11D3-BF4B-00C04F79EFBC}") = "Core", "src\Core\Core.csproj", "{10D83D0A-3652-4CF8-8C04-81705F353C73}"
EndProject
Project("{2150E333-8FDC-42A3-9474-1A3956D46DE8}") = "src", "src", "{02EA681E-C7D8-13C7-8484-4AC65E1B71E8}"
EndProject
Project("{2150E333-8FDC-42A3-9474-1A3956D46DE8}") = "sample", "sample", "{50428BF0-8ECA-4CC0-B3B8-5EF33CA794AC}"
EndProject
Project("{FAE04EC0-301F-11D3-BF4B-00C04F79EFBC}") = "Shard", "src\Shard\Shard.csproj", "{62599106-A108-4896-A442-50F67AAD57A5}"
EndProject
Project("{2150E333-8FDC-42A3-9474-1A3956D46DE8}") = "Infrastructure", "Infrastructure", "{1D2D897C-DB03-4193-A245-343FE817210A}"
EndProject
Project("{FAE04EC0-301F-11D3-BF4B-00C04F79EFBC}") = "Domain", "src\Infrastructure\Domain\Domain.csproj", "{F2B3412B-CBF2-41FE-8FF2-75258023032D}"
EndProject
Project("{2150E333-8FDC-42A3-9474-1A3956D46DE8}") = "ORM", "ORM", "{6B64B42D-CDE8-4A21-9C7A-8DAC366BE816}"
EndProject
Project("{FAE04EC0-301F-11D3-BF4B-00C04F79EFBC}") = "EfCore", "src\Infrastructure\ORM\EfCore\EfCore.csproj", "{3744F889-7244-47FD-9084-1417F3852230}"
EndProject
Project("{FAE04EC0-301F-11D3-BF4B-00C04F79EFBC}") = "MongoDb", "src\Infrastructure\ORM\MongoDb\MongoDb.csproj", "{45EF9DCE-16A4-44DA-A7EB-94A30CB80036}"
EndProject
Global
	GlobalSection(SolutionConfigurationPlatforms) = preSolution
		Debug|Any CPU = Debug|Any CPU
		Release|Any CPU = Release|Any CPU
	EndGlobalSection
	GlobalSection(ProjectConfigurationPlatforms) = postSolution
		{10D83D0A-3652-4CF8-8C04-81705F353C73}.Debug|Any CPU.ActiveCfg = Debug|Any CPU
		{10D83D0A-3652-4CF8-8C04-81705F353C73}.Debug|Any CPU.Build.0 = Debug|Any CPU
		{10D83D0A-3652-4CF8-8C04-81705F353C73}.Release|Any CPU.ActiveCfg = Release|Any CPU
		{10D83D0A-3652-4CF8-8C04-81705F353C73}.Release|Any CPU.Build.0 = Release|Any CPU
		{62599106-A108-4896-A442-50F67AAD57A5}.Debug|Any CPU.ActiveCfg = Debug|Any CPU
		{62599106-A108-4896-A442-50F67AAD57A5}.Debug|Any CPU.Build.0 = Debug|Any CPU
		{62599106-A108-4896-A442-50F67AAD57A5}.Release|Any CPU.ActiveCfg = Release|Any CPU
		{62599106-A108-4896-A442-50F67AAD57A5}.Release|Any CPU.Build.0 = Release|Any CPU
		{F2B3412B-CBF2-41FE-8FF2-75258023032D}.Debug|Any CPU.ActiveCfg = Debug|Any CPU
		{F2B3412B-CBF2-41FE-8FF2-75258023032D}.Debug|Any CPU.Build.0 = Debug|Any CPU
		{F2B3412B-CBF2-41FE-8FF2-75258023032D}.Release|Any CPU.ActiveCfg = Release|Any CPU
		{F2B3412B-CBF2-41FE-8FF2-75258023032D}.Release|Any CPU.Build.0 = Release|Any CPU
		{3744F889-7244-47FD-9084-1417F3852230}.Debug|Any CPU.ActiveCfg = Debug|Any CPU
		{3744F889-7244-47FD-9084-1417F3852230}.Debug|Any CPU.Build.0 = Debug|Any CPU
		{3744F889-7244-47FD-9084-1417F3852230}.Release|Any CPU.ActiveCfg = Release|Any CPU
		{3744F889-7244-47FD-9084-1417F3852230}.Release|Any CPU.Build.0 = Release|Any CPU
		{45EF9DCE-16A4-44DA-A7EB-94A30CB80036}.Debug|Any CPU.ActiveCfg = Debug|Any CPU
		{45EF9DCE-16A4-44DA-A7EB-94A30CB80036}.Debug|Any CPU.Build.0 = Debug|Any CPU
		{45EF9DCE-16A4-44DA-A7EB-94A30CB80036}.Release|Any CPU.ActiveCfg = Release|Any CPU
		{45EF9DCE-16A4-44DA-A7EB-94A30CB80036}.Release|Any CPU.Build.0 = Release|Any CPU
	EndGlobalSection
	GlobalSection(SolutionProperties) = preSolution
		HideSolutionNode = FALSE
	EndGlobalSection
	GlobalSection(NestedProjects) = preSolution
		{10D83D0A-3652-4CF8-8C04-81705F353C73} = {02EA681E-C7D8-13C7-8484-4AC65E1B71E8}
		{62599106-A108-4896-A442-50F67AAD57A5} = {02EA681E-C7D8-13C7-8484-4AC65E1B71E8}
		{1D2D897C-DB03-4193-A245-343FE817210A} = {02EA681E-C7D8-13C7-8484-4AC65E1B71E8}
		{F2B3412B-CBF2-41FE-8FF2-75258023032D} = {1D2D897C-DB03-4193-A245-343FE817210A}
		{6B64B42D-CDE8-4A21-9C7A-8DAC366BE816} = {1D2D897C-DB03-4193-A245-343FE817210A}
		{3744F889-7244-47FD-9084-1417F3852230} = {6B64B42D-CDE8-4A21-9C7A-8DAC366BE816}
		{45EF9DCE-16A4-44DA-A7EB-94A30CB80036} = {6B64B42D-CDE8-4A21-9C7A-8DAC366BE816}
	EndGlobalSection
	GlobalSection(ExtensibilityGlobals) = postSolution
		SolutionGuid = {D7089FC7-79A1-4CAA-AC88-1A189B1D840E}
	EndGlobalSection
EndGlobal
